
Microsoft Visual Studio Solution File, Format Version 12.00
# Visual Studio Version 17
VisualStudioVersion = 17.3.32929.385
MinimumVisualStudioVersion = 10.0.40219.1
Project("{FAE04EC0-301F-11D3-BF4B-00C04F79EFBC}") = "TestNinja", "TestNinja\TestNinja.csproj", "{C95887FF-7F55-498C-85E3-CFF68BFF7073}"
EndProject
Project("{FAE04EC0-301F-11D3-BF4B-00C04F79EFBC}") = "TestNinja.UnitTests", "TestNinja.UnitTests\TestNinja.UnitTests.csproj", "{8AF96F9D-6A80-4FA7-9B8C-9D6108E38551}"
EndProject
Global
	GlobalSection(SolutionConfigurationPlatforms) = preSolution
		Debug|Any CPU = Debug|Any CPU
		Release|Any CPU = Release|Any CPU
	EndGlobalSection
	GlobalSection(ProjectConfigurationPlatforms) = postSolution
		{C95887FF-7F55-498C-85E3-CFF68BFF7073}.Debug|Any CPU.ActiveCfg = Debug|Any CPU
		{C95887FF-7F55-498C-85E3-CFF68BFF7073}.Debug|Any CPU.Build.0 = Debug|Any CPU
		{C95887FF-7F55-498C-85E3-CFF68BFF7073}.Release|Any CPU.ActiveCfg = Release|Any CPU
		{C95887FF-7F55-498C-85E3-CFF68BFF7073}.Release|Any CPU.Build.0 = Release|Any CPU
		{8AF96F9D-6A80-4FA7-9B8C-9D6108E38551}.Debug|Any CPU.ActiveCfg = Debug|Any CPU
		{8AF96F9D-6A80-4FA7-9B8C-9D6108E38551}.Debug|Any CPU.Build.0 = Debug|Any CPU
		{8AF96F9D-6A80-4FA7-9B8C-9D6108E38551}.Release|Any CPU.ActiveCfg = Release|Any CPU
		{8AF96F9D-6A80-4FA7-9B8C-9D6108E38551}.Release|Any CPU.Build.0 = Release|Any CPU
	EndGlobalSection
	GlobalSection(SolutionProperties) = preSolution
		HideSolutionNode = FALSE
	EndGlobalSection
	GlobalSection(ExtensibilityGlobals) = postSolution
		SolutionGuid = {38BCA5F4-2529-49F6-9FA1-7D37CB1A1055}
	EndGlobalSection
EndGlobal
